// !$*UTF8*$!
{
	archiveVersion = 1;
	classes = {
	};
	objectVersion = 46;
	objects = {

/* Begin PBXBuildFile section */
		8530BDCB1F2AFB97008B83AD /* AppDelegate.swift in Sources */ = {isa = PBXBuildFile; fileRef = 8530BDCA1F2AFB97008B83AD /* AppDelegate.swift */; };
		8530BDCD1F2AFB97008B83AD /* ViewController.swift in Sources */ = {isa = PBXBuildFile; fileRef = 8530BDCC1F2AFB97008B83AD /* ViewController.swift */; };
		8530BDD01F2AFB97008B83AD /* Main.storyboard in Resources */ = {isa = PBXBuildFile; fileRef = 8530BDCE1F2AFB97008B83AD /* Main.storyboard */; };
		8530BDD21F2AFB97008B83AD /* Assets.xcassets in Resources */ = {isa = PBXBuildFile; fileRef = 8530BDD11F2AFB97008B83AD /* Assets.xcassets */; };
		8530BDD51F2AFB97008B83AD /* LaunchScreen.storyboard in Resources */ = {isa = PBXBuildFile; fileRef = 8530BDD31F2AFB97008B83AD /* LaunchScreen.storyboard */; };
		8530BDE01F2AFB97008B83AD /* CloudYakTests.swift in Sources */ = {isa = PBXBuildFile; fileRef = 8530BDDF1F2AFB97008B83AD /* CloudYakTests.swift */; };
		8530BDEB1F2AFB97008B83AD /* CloudYakUITests.swift in Sources */ = {isa = PBXBuildFile; fileRef = 8530BDEA1F2AFB97008B83AD /* CloudYakUITests.swift */; };
		8530BDFD1F2AFD4D008B83AD /* YakModel.swift in Sources */ = {isa = PBXBuildFile; fileRef = 8530BDFC1F2AFD4D008B83AD /* YakModel.swift */; };
		8530BDFF1F2B0EEA008B83AD /* CloudKit.framework in Frameworks */ = {isa = PBXBuildFile; fileRef = 8530BDFE1F2B0EEA008B83AD /* CloudKit.framework */; };
/* End PBXBuildFile section */

/* Begin PBXContainerItemProxy section */
		8530BDDC1F2AFB97008B83AD /* PBXContainerItemProxy */ = {
			isa = PBXContainerItemProxy;
			containerPortal = 8530BDBF1F2AFB97008B83AD /* Project object */;
			proxyType = 1;
			remoteGlobalIDString = 8530BDC61F2AFB97008B83AD;
			remoteInfo = CloudYak;
		};
		8530BDE71F2AFB97008B83AD /* PBXContainerItemProxy */ = {
			isa = PBXContainerItemProxy;
			containerPortal = 8530BDBF1F2AFB97008B83AD /* Project object */;
			proxyType = 1;
			remoteGlobalIDString = 8530BDC61F2AFB97008B83AD;
			remoteInfo = CloudYak;
		};
/* End PBXContainerItemProxy section */

/* Begin PBXFileReference section */
		8530BDC71F2AFB97008B83AD /* CloudYak.app */ = {isa = PBXFileReference; explicitFileType = wrapper.application; includeInIndex = 0; path = CloudYak.app; sourceTree = BUILT_PRODUCTS_DIR; };
		8530BDCA1F2AFB97008B83AD /* AppDelegate.swift */ = {isa = PBXFileReference; lastKnownFileType = sourcecode.swift; path = AppDelegate.swift; sourceTree = "<group>"; };
		8530BDCC1F2AFB97008B83AD /* ViewController.swift */ = {isa = PBXFileReference; lastKnownFileType = sourcecode.swift; path = ViewController.swift; sourceTree = "<group>"; };
		8530BDCF1F2AFB97008B83AD /* Base */ = {isa = PBXFileReference; lastKnownFileType = file.storyboard; name = Base; path = Base.lproj/Main.storyboard; sourceTree = "<group>"; };
		8530BDD11F2AFB97008B83AD /* Assets.xcassets */ = {isa = PBXFileReference; lastKnownFileType = folder.assetcatalog; path = Assets.xcassets; sourceTree = "<group>"; };
		8530BDD41F2AFB97008B83AD /* Base */ = {isa = PBXFileReference; lastKnownFileType = file.storyboard; name = Base; path = Base.lproj/LaunchScreen.storyboard; sourceTree = "<group>"; };
		8530BDD61F2AFB97008B83AD /* Info.plist */ = {isa = PBXFileReference; lastKnownFileType = text.plist.xml; path = Info.plist; sourceTree = "<group>"; };
		8530BDDB1F2AFB97008B83AD /* CloudYakTests.xctest */ = {isa = PBXFileReference; explicitFileType = wrapper.cfbundle; includeInIndex = 0; path = CloudYakTests.xctest; sourceTree = BUILT_PRODUCTS_DIR; };
		8530BDDF1F2AFB97008B83AD /* CloudYakTests.swift */ = {isa = PBXFileReference; lastKnownFileType = sourcecode.swift; path = CloudYakTests.swift; sourceTree = "<group>"; };
		8530BDE11F2AFB97008B83AD /* Info.plist */ = {isa = PBXFileReference; lastKnownFileType = text.plist.xml; path = Info.plist; sourceTree = "<group>"; };
		8530BDE61F2AFB97008B83AD /* CloudYakUITests.xctest */ = {isa = PBXFileReference; explicitFileType = wrapper.cfbundle; includeInIndex = 0; path = CloudYakUITests.xctest; sourceTree = BUILT_PRODUCTS_DIR; };
		8530BDEA1F2AFB97008B83AD /* CloudYakUITests.swift */ = {isa = PBXFileReference; lastKnownFileType = sourcecode.swift; path = CloudYakUITests.swift; sourceTree = "<group>"; };
		8530BDEC1F2AFB97008B83AD /* Info.plist */ = {isa = PBXFileReference; lastKnownFileType = text.plist.xml; path = Info.plist; sourceTree = "<group>"; };
		8530BDF81F2AFC4A008B83AD /* CloudYak.entitlements */ = {isa = PBXFileReference; lastKnownFileType = text.plist.entitlements; path = CloudYak.entitlements; sourceTree = "<group>"; };
		8530BDFC1F2AFD4D008B83AD /* YakModel.swift */ = {isa = PBXFileReference; fileEncoding = 4; lastKnownFileType = sourcecode.swift; path = YakModel.swift; sourceTree = "<group>"; };
		8530BDFE1F2B0EEA008B83AD /* CloudKit.framework */ = {isa = PBXFileReference; lastKnownFileType = wrapper.framework; name = CloudKit.framework; path = System/Library/Frameworks/CloudKit.framework; sourceTree = SDKROOT; };
/* End PBXFileReference section */

/* Begin PBXFrameworksBuildPhase section */
		8530BDC41F2AFB97008B83AD /* Frameworks */ = {
			isa = PBXFrameworksBuildPhase;
			buildActionMask = 2147483647;
			files = (
				8530BDFF1F2B0EEA008B83AD /* CloudKit.framework in Frameworks */,
			);
			runOnlyForDeploymentPostprocessing = 0;
		};
		8530BDD81F2AFB97008B83AD /* Frameworks */ = {
			isa = PBXFrameworksBuildPhase;
			buildActionMask = 2147483647;
			files = (
			);
			runOnlyForDeploymentPostprocessing = 0;
		};
		8530BDE31F2AFB97008B83AD /* Frameworks */ = {
			isa = PBXFrameworksBuildPhase;
			buildActionMask = 2147483647;
			files = (
			);
			runOnlyForDeploymentPostprocessing = 0;
		};
/* End PBXFrameworksBuildPhase section */

/* Begin PBXGroup section */
		8530BDBE1F2AFB97008B83AD = {
			isa = PBXGroup;
			children = (
				8530BDC91F2AFB97008B83AD /* CloudYak */,
				8530BDDE1F2AFB97008B83AD /* CloudYakTests */,
				8530BDE91F2AFB97008B83AD /* CloudYakUITests */,
				8530BDC81F2AFB97008B83AD /* Products */,
				8530BDF91F2AFCD1008B83AD /* Frameworks */,
			);
			sourceTree = "<group>";
		};
		8530BDC81F2AFB97008B83AD /* Products */ = {
			isa = PBXGroup;
			children = (
				8530BDC71F2AFB97008B83AD /* CloudYak.app */,
				8530BDDB1F2AFB97008B83AD /* CloudYakTests.xctest */,
				8530BDE61F2AFB97008B83AD /* CloudYakUITests.xctest */,
			);
			name = Products;
			sourceTree = "<group>";
		};
		8530BDC91F2AFB97008B83AD /* CloudYak */ = {
			isa = PBXGroup;
			children = (
				8530BDF81F2AFC4A008B83AD /* CloudYak.entitlements */,
				8530BDCA1F2AFB97008B83AD /* AppDelegate.swift */,
				8530BDCC1F2AFB97008B83AD /* ViewController.swift */,
				8530BDFC1F2AFD4D008B83AD /* YakModel.swift */,
				8530BDCE1F2AFB97008B83AD /* Main.storyboard */,
				8530BDD11F2AFB97008B83AD /* Assets.xcassets */,
				8530BDD31F2AFB97008B83AD /* LaunchScreen.storyboard */,
				8530BDD61F2AFB97008B83AD /* Info.plist */,
			);
			path = CloudYak;
			sourceTree = "<group>";
		};
		8530BDDE1F2AFB97008B83AD /* CloudYakTests */ = {
			isa = PBXGroup;
			children = (
				8530BDDF1F2AFB97008B83AD /* CloudYakTests.swift */,
				8530BDE11F2AFB97008B83AD /* Info.plist */,
			);
			path = CloudYakTests;
			sourceTree = "<group>";
		};
		8530BDE91F2AFB97008B83AD /* CloudYakUITests */ = {
			isa = PBXGroup;
			children = (
				8530BDEA1F2AFB97008B83AD /* CloudYakUITests.swift */,
				8530BDEC1F2AFB97008B83AD /* Info.plist */,
			);
			path = CloudYakUITests;
			sourceTree = "<group>";
		};
		8530BDF91F2AFCD1008B83AD /* Frameworks */ = {
			isa = PBXGroup;
			children = (
				8530BDFE1F2B0EEA008B83AD /* CloudKit.framework */,
			);
			name = Frameworks;
			sourceTree = "<group>";
		};
/* End PBXGroup section */

/* Begin PBXNativeTarget section */
		8530BDC61F2AFB97008B83AD /* CloudYak */ = {
			isa = PBXNativeTarget;
			buildConfigurationList = 8530BDEF1F2AFB97008B83AD /* Build configuration list for PBXNativeTarget "CloudYak" */;
			buildPhases = (
				8530BDC31F2AFB97008B83AD /* Sources */,
				8530BDC41F2AFB97008B83AD /* Frameworks */,
				8530BDC51F2AFB97008B83AD /* Resources */,
			);
			buildRules = (
			);
			dependencies = (
			);
			name = CloudYak;
			productName = CloudYak;
			productReference = 8530BDC71F2AFB97008B83AD /* CloudYak.app */;
			productType = "com.apple.product-type.application";
		};
		8530BDDA1F2AFB97008B83AD /* CloudYakTests */ = {
			isa = PBXNativeTarget;
			buildConfigurationList = 8530BDF21F2AFB97008B83AD /* Build configuration list for PBXNativeTarget "CloudYakTests" */;
			buildPhases = (
				8530BDD71F2AFB97008B83AD /* Sources */,
				8530BDD81F2AFB97008B83AD /* Frameworks */,
				8530BDD91F2AFB97008B83AD /* Resources */,
			);
			buildRules = (
			);
			dependencies = (
				8530BDDD1F2AFB97008B83AD /* PBXTargetDependency */,
			);
			name = CloudYakTests;
			productName = CloudYakTests;
			productReference = 8530BDDB1F2AFB97008B83AD /* CloudYakTests.xctest */;
			productType = "com.apple.product-type.bundle.unit-test";
		};
		8530BDE51F2AFB97008B83AD /* CloudYakUITests */ = {
			isa = PBXNativeTarget;
			buildConfigurationList = 8530BDF51F2AFB97008B83AD /* Build configuration list for PBXNativeTarget "CloudYakUITests" */;
			buildPhases = (
				8530BDE21F2AFB97008B83AD /* Sources */,
				8530BDE31F2AFB97008B83AD /* Frameworks */,
				8530BDE41F2AFB97008B83AD /* Resources */,
			);
			buildRules = (
			);
			dependencies = (
				8530BDE81F2AFB97008B83AD /* PBXTargetDependency */,
			);
			name = CloudYakUITests;
			productName = CloudYakUITests;
			productReference = 8530BDE61F2AFB97008B83AD /* CloudYakUITests.xctest */;
			productType = "com.apple.product-type.bundle.ui-testing";
		};
/* End PBXNativeTarget section */

/* Begin PBXProject section */
		8530BDBF1F2AFB97008B83AD /* Project object */ = {
			isa = PBXProject;
			attributes = {
				LastSwiftUpdateCheck = 0830;
				LastUpgradeCheck = 0920;
				ORGANIZATIONNAME = "Jack Frysinger";
				TargetAttributes = {
					8530BDC61F2AFB97008B83AD = {
						CreatedOnToolsVersion = 8.3.3;
						DevelopmentTeam = Q6ETBD25S7;
						LastSwiftMigration = 0920;
						ProvisioningStyle = Automatic;
						SystemCapabilities = {
							com.apple.Push = {
								enabled = 1;
							};
							com.apple.iCloud = {
								enabled = 1;
							};
						};
					};
					8530BDDA1F2AFB97008B83AD = {
						CreatedOnToolsVersion = 8.3.3;
						DevelopmentTeam = Q6ETBD25S7;
						LastSwiftMigration = 0920;
						ProvisioningStyle = Automatic;
						TestTargetID = 8530BDC61F2AFB97008B83AD;
					};
					8530BDE51F2AFB97008B83AD = {
						CreatedOnToolsVersion = 8.3.3;
						DevelopmentTeam = Q6ETBD25S7;
						LastSwiftMigration = 0920;
						ProvisioningStyle = Automatic;
						TestTargetID = 8530BDC61F2AFB97008B83AD;
					};
				};
			};
			buildConfigurationList = 8530BDC21F2AFB97008B83AD /* Build configuration list for PBXProject "CloudYak" */;
			compatibilityVersion = "Xcode 3.2";
			developmentRegion = English;
			hasScannedForEncodings = 0;
			knownRegions = (
				en,
				Base,
			);
			mainGroup = 8530BDBE1F2AFB97008B83AD;
			productRefGroup = 8530BDC81F2AFB97008B83AD /* Products */;
			projectDirPath = "";
			projectRoot = "";
			targets = (
				8530BDC61F2AFB97008B83AD /* CloudYak */,
				8530BDDA1F2AFB97008B83AD /* CloudYakTests */,
				8530BDE51F2AFB97008B83AD /* CloudYakUITests */,
			);
		};
/* End PBXProject section */

/* Begin PBXResourcesBuildPhase section */
		8530BDC51F2AFB97008B83AD /* Resources */ = {
			isa = PBXResourcesBuildPhase;
			buildActionMask = 2147483647;
			files = (
				8530BDD51F2AFB97008B83AD /* LaunchScreen.storyboard in Resources */,
				8530BDD21F2AFB97008B83AD /* Assets.xcassets in Resources */,
				8530BDD01F2AFB97008B83AD /* Main.storyboard in Resources */,
			);
			runOnlyForDeploymentPostprocessing = 0;
		};
		8530BDD91F2AFB97008B83AD /* Resources */ = {
			isa = PBXResourcesBuildPhase;
			buildActionMask = 2147483647;
			files = (
			);
			runOnlyForDeploymentPostprocessing = 0;
		};
		8530BDE41F2AFB97008B83AD /* Resources */ = {
			isa = PBXResourcesBuildPhase;
			buildActionMask = 2147483647;
			files = (
			);
			runOnlyForDeploymentPostprocessing = 0;
		};
/* End PBXResourcesBuildPhase section */

/* Begin PBXSourcesBuildPhase section */
		8530BDC31F2AFB97008B83AD /* Sources */ = {
			isa = PBXSourcesBuildPhase;
			buildActionMask = 2147483647;
			files = (
				8530BDCD1F2AFB97008B83AD /* ViewController.swift in Sources */,
				8530BDFD1F2AFD4D008B83AD /* YakModel.swift in Sources */,
				8530BDCB1F2AFB97008B83AD /* AppDelegate.swift in Sources */,
			);
			runOnlyForDeploymentPostprocessing = 0;
		};
		8530BDD71F2AFB97008B83AD /* Sources */ = {
			isa = PBXSourcesBuildPhase;
			buildActionMask = 2147483647;
			files = (
				8530BDE01F2AFB97008B83AD /* CloudYakTests.swift in Sources */,
			);
			runOnlyForDeploymentPostprocessing = 0;
		};
		8530BDE21F2AFB97008B83AD /* Sources */ = {
			isa = PBXSourcesBuildPhase;
			buildActionMask = 2147483647;
			files = (
				8530BDEB1F2AFB97008B83AD /* CloudYakUITests.swift in Sources */,
			);
			runOnlyForDeploymentPostprocessing = 0;
		};
/* End PBXSourcesBuildPhase section */

/* Begin PBXTargetDependency section */
		8530BDDD1F2AFB97008B83AD /* PBXTargetDependency */ = {
			isa = PBXTargetDependency;
			target = 8530BDC61F2AFB97008B83AD /* CloudYak */;
			targetProxy = 8530BDDC1F2AFB97008B83AD /* PBXContainerItemProxy */;
		};
		8530BDE81F2AFB97008B83AD /* PBXTargetDependency */ = {
			isa = PBXTargetDependency;
			target = 8530BDC61F2AFB97008B83AD /* CloudYak */;
			targetProxy = 8530BDE71F2AFB97008B83AD /* PBXContainerItemProxy */;
		};
/* End PBXTargetDependency section */

/* Begin PBXVariantGroup section */
		8530BDCE1F2AFB97008B83AD /* Main.storyboard */ = {
			isa = PBXVariantGroup;
			children = (
				8530BDCF1F2AFB97008B83AD /* Base */,
			);
			name = Main.storyboard;
			sourceTree = "<group>";
		};
		8530BDD31F2AFB97008B83AD /* LaunchScreen.storyboard */ = {
			isa = PBXVariantGroup;
			children = (
				8530BDD41F2AFB97008B83AD /* Base */,
			);
			name = LaunchScreen.storyboard;
			sourceTree = "<group>";
		};
/* End PBXVariantGroup section */

/* Begin XCBuildConfiguration section */
		8530BDED1F2AFB97008B83AD /* Debug */ = {
			isa = XCBuildConfiguration;
			buildSettings = {
				ALWAYS_SEARCH_USER_PATHS = NO;
				CLANG_ANALYZER_NONNULL = YES;
				CLANG_ANALYZER_NUMBER_OBJECT_CONVERSION = YES_AGGRESSIVE;
				CLANG_CXX_LANGUAGE_STANDARD = "gnu++0x";
				CLANG_CXX_LIBRARY = "libc++";
				CLANG_ENABLE_MODULES = YES;
				CLANG_ENABLE_OBJC_ARC = YES;
				CLANG_WARN_BLOCK_CAPTURE_AUTORELEASING = YES;
				CLANG_WARN_BOOL_CONVERSION = YES;
				CLANG_WARN_COMMA = YES;
				CLANG_WARN_CONSTANT_CONVERSION = YES;
				CLANG_WARN_DIRECT_OBJC_ISA_USAGE = YES_ERROR;
				CLANG_WARN_DOCUMENTATION_COMMENTS = YES;
				CLANG_WARN_EMPTY_BODY = YES;
				CLANG_WARN_ENUM_CONVERSION = YES;
				CLANG_WARN_INFINITE_RECURSION = YES;
				CLANG_WARN_INT_CONVERSION = YES;
				CLANG_WARN_NON_LITERAL_NULL_CONVERSION = YES;
				CLANG_WARN_OBJC_LITERAL_CONVERSION = YES;
				CLANG_WARN_OBJC_ROOT_CLASS = YES_ERROR;
				CLANG_WARN_RANGE_LOOP_ANALYSIS = YES;
				CLANG_WARN_STRICT_PROTOTYPES = YES;
				CLANG_WARN_SUSPICIOUS_MOVE = YES;
				CLANG_WARN_UNREACHABLE_CODE = YES;
				CLANG_WARN__DUPLICATE_METHOD_MATCH = YES;
				"CODE_SIGN_IDENTITY[sdk=iphoneos*]" = "iPhone Developer";
				COPY_PHASE_STRIP = NO;
				DEBUG_INFORMATION_FORMAT = dwarf;
				ENABLE_STRICT_OBJC_MSGSEND = YES;
				ENABLE_TESTABILITY = YES;
				GCC_C_LANGUAGE_STANDARD = gnu99;
				GCC_DYNAMIC_NO_PIC = NO;
				GCC_NO_COMMON_BLOCKS = YES;
				GCC_OPTIMIZATION_LEVEL = 0;
				GCC_PREPROCESSOR_DEFINITIONS = (
					"DEBUG=1",
					"$(inherited)",
				);
				GCC_WARN_64_TO_32_BIT_CONVERSION = YES;
				GCC_WARN_ABOUT_RETURN_TYPE = YES_ERROR;
				GCC_WARN_UNDECLARED_SELECTOR = YES;
				GCC_WARN_UNINITIALIZED_AUTOS = YES_AGGRESSIVE;
				GCC_WARN_UNUSED_FUNCTION = YES;
				GCC_WARN_UNUSED_VARIABLE = YES;
				IPHONEOS_DEPLOYMENT_TARGET = 10.3;
				MTL_ENABLE_DEBUG_INFO = YES;
				ONLY_ACTIVE_ARCH = YES;
				SDKROOT = iphoneos;
				SWIFT_ACTIVE_COMPILATION_CONDITIONS = DEBUG;
				SWIFT_OPTIMIZATION_LEVEL = "-Onone";
				TARGETED_DEVICE_FAMILY = "1,2";
			};
			name = Debug;
		};
		8530BDEE1F2AFB97008B83AD /* Release */ = {
			isa = XCBuildConfiguration;
			buildSettings = {
				ALWAYS_SEARCH_USER_PATHS = NO;
				CLANG_ANALYZER_NONNULL = YES;
				CLANG_ANALYZER_NUMBER_OBJECT_CONVERSION = YES_AGGRESSIVE;
				CLANG_CXX_LANGUAGE_STANDARD = "gnu++0x";
				CLANG_CXX_LIBRARY = "libc++";
				CLANG_ENABLE_MODULES = YES;
				CLANG_ENABLE_OBJC_ARC = YES;
				CLANG_WARN_BLOCK_CAPTURE_AUTORELEASING = YES;
				CLANG_WARN_BOOL_CONVERSION = YES;
				CLANG_WARN_COMMA = YES;
				CLANG_WARN_CONSTANT_CONVERSION = YES;
				CLANG_WARN_DIRECT_OBJC_ISA_USAGE = YES_ERROR;
				CLANG_WARN_DOCUMENTATION_COMMENTS = YES;
				CLANG_WARN_EMPTY_BODY = YES;
				CLANG_WARN_ENUM_CONVERSION = YES;
				CLANG_WARN_INFINITE_RECURSION = YES;
				CLANG_WARN_INT_CONVERSION = YES;
				CLANG_WARN_NON_LITERAL_NULL_CONVERSION = YES;
				CLANG_WARN_OBJC_LITERAL_CONVERSION = YES;
				CLANG_WARN_OBJC_ROOT_CLASS = YES_ERROR;
				CLANG_WARN_RANGE_LOOP_ANALYSIS = YES;
				CLANG_WARN_STRICT_PROTOTYPES = YES;
				CLANG_WARN_SUSPICIOUS_MOVE = YES;
				CLANG_WARN_UNREACHABLE_CODE = YES;
				CLANG_WARN__DUPLICATE_METHOD_MATCH = YES;
				"CODE_SIGN_IDENTITY[sdk=iphoneos*]" = "iPhone Developer";
				COPY_PHASE_STRIP = NO;
				DEBUG_INFORMATION_FORMAT = "dwarf-with-dsym";
				ENABLE_NS_ASSERTIONS = NO;
				ENABLE_STRICT_OBJC_MSGSEND = YES;
				GCC_C_LANGUAGE_STANDARD = gnu99;
				GCC_NO_COMMON_BLOCKS = YES;
				GCC_WARN_64_TO_32_BIT_CONVERSION = YES;
				GCC_WARN_ABOUT_RETURN_TYPE = YES_ERROR;
				GCC_WARN_UNDECLARED_SELECTOR = YES;
				GCC_WARN_UNINITIALIZED_AUTOS = YES_AGGRESSIVE;
				GCC_WARN_UNUSED_FUNCTION = YES;
				GCC_WARN_UNUSED_VARIABLE = YES;
				IPHONEOS_DEPLOYMENT_TARGET = 10.3;
				MTL_ENABLE_DEBUG_INFO = NO;
				SDKROOT = iphoneos;
				SWIFT_OPTIMIZATION_LEVEL = "-Owholemodule";
				TARGETED_DEVICE_FAMILY = "1,2";
				VALIDATE_PRODUCT = YES;
			};
			name = Release;
		};
		8530BDF01F2AFB97008B83AD /* Debug */ = {
			isa = XCBuildConfiguration;
			buildSettings = {
				ASSETCATALOG_COMPILER_APPICON_NAME = AppIcon;
				CODE_SIGN_ENTITLEMENTS = CloudYak/CloudYak.entitlements;
				DEVELOPMENT_TEAM = Q6ETBD25S7;
				INFOPLIST_FILE = CloudYak/Info.plist;
				LD_RUNPATH_SEARCH_PATHS = "$(inherited) @executable_path/Frameworks";
				PRODUCT_BUNDLE_IDENTIFIER = com.jackfrysinger.CloudYak;
				PRODUCT_NAME = "$(TARGET_NAME)";
				SWIFT_SWIFT3_OBJC_INFERENCE = Default;
				SWIFT_VERSION = 4.0;
			};
			name = Debug;
		};
		8530BDF11F2AFB97008B83AD /* Release */ = {
			isa = XCBuildConfiguration;
			buildSettings = {
				ASSETCATALOG_COMPILER_APPICON_NAME = AppIcon;
				CODE_SIGN_ENTITLEMENTS = CloudYak/CloudYak.entitlements;
				DEVELOPMENT_TEAM = Q6ETBD25S7;
				INFOPLIST_FILE = CloudYak/Info.plist;
				LD_RUNPATH_SEARCH_PATHS = "$(inherited) @executable_path/Frameworks";
				PRODUCT_BUNDLE_IDENTIFIER = com.jackfrysinger.CloudYak;
				PRODUCT_NAME = "$(TARGET_NAME)";
				SWIFT_SWIFT3_OBJC_INFERENCE = Default;
				SWIFT_VERSION = 4.0;
			};
			name = Release;
		};
		8530BDF31F2AFB97008B83AD /* Debug */ = {
			isa = XCBuildConfiguration;
			buildSettings = {
				ALWAYS_EMBED_SWIFT_STANDARD_LIBRARIES = YES;
				BUNDLE_LOADER = "$(TEST_HOST)";
				DEVELOPMENT_TEAM = Q6ETBD25S7;
				INFOPLIST_FILE = CloudYakTests/Info.plist;
				LD_RUNPATH_SEARCH_PATHS = "$(inherited) @executable_path/Frameworks @loader_path/Frameworks";
				PRODUCT_BUNDLE_IDENTIFIER = com.jackfrysinger.CloudYakTests;
				PRODUCT_NAME = "$(TARGET_NAME)";
				SWIFT_SWIFT3_OBJC_INFERENCE = Default;
				SWIFT_VERSION = 4.0;
				TEST_HOST = "$(BUILT_PRODUCTS_DIR)/CloudYak.app/CloudYak";
			};
			name = Debug;
		};
		8530BDF41F2AFB97008B83AD /* Release */ = {
			isa = XCBuildConfiguration;
			buildSettings = {
				ALWAYS_EMBED_SWIFT_STANDARD_LIBRARIES = YES;
				BUNDLE_LOADER = "$(TEST_HOST)";
				DEVELOPMENT_TEAM = Q6ETBD25S7;
				INFOPLIST_FILE = CloudYakTests/Info.plist;
				LD_RUNPATH_SEARCH_PATHS = "$(inherited) @executable_path/Frameworks @loader_path/Frameworks";
				PRODUCT_BUNDLE_IDENTIFIER = com.jackfrysinger.CloudYakTests;
				PRODUCT_NAME = "$(TARGET_NAME)";
				SWIFT_SWIFT3_OBJC_INFERENCE = Default;
				SWIFT_VERSION = 4.0;
				TEST_HOST = "$(BUILT_PRODUCTS_DIR)/CloudYak.app/CloudYak";
			};
			name = Release;
		};
		8530BDF61F2AFB97008B83AD /* Debug */ = {
			isa = XCBuildConfiguration;
			buildSettings = {
				ALWAYS_EMBED_SWIFT_STANDARD_LIBRARIES = YES;
				DEVELOPMENT_TEAM = Q6ETBD25S7;
				INFOPLIST_FILE = CloudYakUITests/Info.plist;
				LD_RUNPATH_SEARCH_PATHS = "$(inherited) @executable_path/Frameworks @loader_path/Frameworks";
				PRODUCT_BUNDLE_IDENTIFIER = com.jackfrysinger.CloudYakUITests;
				PRODUCT_NAME = "$(TARGET_NAME)";
				SWIFT_SWIFT3_OBJC_INFERENCE = Default;
				SWIFT_VERSION = 4.0;
				TEST_TARGET_NAME = CloudYak;
			};
			name = Debug;
		};
		8530BDF71F2AFB97008B83AD /* Release */ = {
			isa = XCBuildConfiguration;
			buildSettings = {
				ALWAYS_EMBED_SWIFT_STANDARD_LIBRARIES = YES;
				DEVELOPMENT_TEAM = Q6ETBD25S7;
				INFOPLIST_FILE = CloudYakUITests/Info.plist;
				LD_RUNPATH_SEARCH_PATHS = "$(inherited) @executable_path/Frameworks @loader_path/Frameworks";
				PRODUCT_BUNDLE_IDENTIFIER = com.jackfrysinger.CloudYakUITests;
				PRODUCT_NAME = "$(TARGET_NAME)";
				SWIFT_SWIFT3_OBJC_INFERENCE = Default;
				SWIFT_VERSION = 4.0;
				TEST_TARGET_NAME = CloudYak;
			};
			name = Release;
		};
/* End XCBuildConfiguration section */

/* Begin XCConfigurationList section */
		8530BDC21F2AFB97008B83AD /* Build configuration list for PBXProject "CloudYak" */ = {
			isa = XCConfigurationList;
			buildConfigurations = (
				8530BDED1F2AFB97008B83AD /* Debug */,
				8530BDEE1F2AFB97008B83AD /* Release */,
			);
			defaultConfigurationIsVisible = 0;
			defaultConfigurationName = Release;
		};
		8530BDEF1F2AFB97008B83AD /* Build configuration list for PBXNativeTarget "CloudYak" */ = {
			isa = XCConfigurationList;
			buildConfigurations = (
				8530BDF01F2AFB97008B83AD /* Debug */,
				8530BDF11F2AFB97008B83AD /* Release */,
			);
			defaultConfigurationIsVisible = 0;
			defaultConfigurationName = Release;
		};
		8530BDF21F2AFB97008B83AD /* Build configuration list for PBXNativeTarget "CloudYakTests" */ = {
			isa = XCConfigurationList;
			buildConfigurations = (
				8530BDF31F2AFB97008B83AD /* Debug */,
				8530BDF41F2AFB97008B83AD /* Release */,
			);
			defaultConfigurationIsVisible = 0;
			defaultConfigurationName = Release;
		};
		8530BDF51F2AFB97008B83AD /* Build configuration list for PBXNativeTarget "CloudYakUITests" */ = {
			isa = XCConfigurationList;
			buildConfigurations = (
				8530BDF61F2AFB97008B83AD /* Debug */,
				8530BDF71F2AFB97008B83AD /* Release */,
			);
			defaultConfigurationIsVisible = 0;
			defaultConfigurationName = Release;
		};
/* End XCConfigurationList section */
	};
	rootObject = 8530BDBF1F2AFB97008B83AD /* Project object */;
}
